// !$*UTF8*$!
{
	archiveVersion = 1;
	classes = {
	};
	objectVersion = 56;
	objects = {

/* Begin PBXBuildFile section */
		0F1171C22AAB6014005F1178 /* SwiftUISampleApp.swift in Sources */ = {isa = PBXBuildFile; fileRef = 0F1171C12AAB6014005F1178 /* SwiftUISampleApp.swift */; };
		0F1171C42AAB6014005F1178 /* ContentView.swift in Sources */ = {isa = PBXBuildFile; fileRef = 0F1171C32AAB6014005F1178 /* ContentView.swift */; };
		0F1171C62AAB6017005F1178 /* Assets.xcassets in Resources */ = {isa = PBXBuildFile; fileRef = 0F1171C52AAB6017005F1178 /* Assets.xcassets */; };
		0F1171C92AAB6017005F1178 /* Preview Assets.xcassets in Resources */ = {isa = PBXBuildFile; fileRef = 0F1171C82AAB6017005F1178 /* Preview Assets.xcassets */; };
		0F1171D32AAB6017005F1178 /* SwiftUISampleTests.swift in Sources */ = {isa = PBXBuildFile; fileRef = 0F1171D22AAB6017005F1178 /* SwiftUISampleTests.swift */; };
		0F1171DD2AAB6017005F1178 /* SwiftUISampleUITests.swift in Sources */ = {isa = PBXBuildFile; fileRef = 0F1171DC2AAB6017005F1178 /* SwiftUISampleUITests.swift */; };
		0F1171DF2AAB6017005F1178 /* SwiftUISampleUITestsLaunchTests.swift in Sources */ = {isa = PBXBuildFile; fileRef = 0F1171DE2AAB6017005F1178 /* SwiftUISampleUITestsLaunchTests.swift */; };
/* End PBXBuildFile section */

/* Begin PBXContainerItemProxy section */
		0F1171CF2AAB6017005F1178 /* PBXContainerItemProxy */ = {
			isa = PBXContainerItemProxy;
			containerPortal = 0F1171B62AAB6014005F1178 /* Project object */;
			proxyType = 1;
			remoteGlobalIDString = 0F1171BD2AAB6014005F1178;
			remoteInfo = SwiftUISample;
		};
		0F1171D92AAB6017005F1178 /* PBXContainerItemProxy */ = {
			isa = PBXContainerItemProxy;
			containerPortal = 0F1171B62AAB6014005F1178 /* Project object */;
			proxyType = 1;
			remoteGlobalIDString = 0F1171BD2AAB6014005F1178;
			remoteInfo = SwiftUISample;
		};
/* End PBXContainerItemProxy section */

/* Begin PBXFileReference section */
		0F1171BE2AAB6014005F1178 /* SwiftUISample.app */ = {isa = PBXFileReference; explicitFileType = wrapper.application; includeInIndex = 0; path = SwiftUISample.app; sourceTree = BUILT_PRODUCTS_DIR; };
		0F1171C12AAB6014005F1178 /* SwiftUISampleApp.swift */ = {isa = PBXFileReference; lastKnownFileType = sourcecode.swift; path = SwiftUISampleApp.swift; sourceTree = "<group>"; };
		0F1171C32AAB6014005F1178 /* ContentView.swift */ = {isa = PBXFileReference; lastKnownFileType = sourcecode.swift; path = ContentView.swift; sourceTree = "<group>"; };
		0F1171C52AAB6017005F1178 /* Assets.xcassets */ = {isa = PBXFileReference; lastKnownFileType = folder.assetcatalog; path = Assets.xcassets; sourceTree = "<group>"; };
		0F1171C82AAB6017005F1178 /* Preview Assets.xcassets */ = {isa = PBXFileReference; lastKnownFileType = folder.assetcatalog; path = "Preview Assets.xcassets"; sourceTree = "<group>"; };
		0F1171CE2AAB6017005F1178 /* SwiftUISampleTests.xctest */ = {isa = PBXFileReference; explicitFileType = wrapper.cfbundle; includeInIndex = 0; path = SwiftUISampleTests.xctest; sourceTree = BUILT_PRODUCTS_DIR; };
		0F1171D22AAB6017005F1178 /* SwiftUISampleTests.swift */ = {isa = PBXFileReference; lastKnownFileType = sourcecode.swift; path = SwiftUISampleTests.swift; sourceTree = "<group>"; };
		0F1171D82AAB6017005F1178 /* SwiftUISampleUITests.xctest */ = {isa = PBXFileReference; explicitFileType = wrapper.cfbundle; includeInIndex = 0; path = SwiftUISampleUITests.xctest; sourceTree = BUILT_PRODUCTS_DIR; };
		0F1171DC2AAB6017005F1178 /* SwiftUISampleUITests.swift */ = {isa = PBXFileReference; lastKnownFileType = sourcecode.swift; path = SwiftUISampleUITests.swift; sourceTree = "<group>"; };
		0F1171DE2AAB6017005F1178 /* SwiftUISampleUITestsLaunchTests.swift */ = {isa = PBXFileReference; lastKnownFileType = sourcecode.swift; path = SwiftUISampleUITestsLaunchTests.swift; sourceTree = "<group>"; };
/* End PBXFileReference section */

/* Begin PBXFrameworksBuildPhase section */
		0F1171BB2AAB6014005F1178 /* Frameworks */ = {
			isa = PBXFrameworksBuildPhase;
			buildActionMask = 2147483647;
			files = (
			);
			runOnlyForDeploymentPostprocessing = 0;
		};
		0F1171CB2AAB6017005F1178 /* Frameworks */ = {
			isa = PBXFrameworksBuildPhase;
			buildActionMask = 2147483647;
			files = (
			);
			runOnlyForDeploymentPostprocessing = 0;
		};
		0F1171D52AAB6017005F1178 /* Frameworks */ = {
			isa = PBXFrameworksBuildPhase;
			buildActionMask = 2147483647;
			files = (
			);
			runOnlyForDeploymentPostprocessing = 0;
		};
/* End PBXFrameworksBuildPhase section */

/* Begin PBXGroup section */
		0F1171B52AAB6014005F1178 = {
			isa = PBXGroup;
			children = (
				0F1171C02AAB6014005F1178 /* SwiftUISample */,
				0F1171D12AAB6017005F1178 /* SwiftUISampleTests */,
				0F1171DB2AAB6017005F1178 /* SwiftUISampleUITests */,
				0F1171BF2AAB6014005F1178 /* Products */,
			);
			sourceTree = "<group>";
		};
		0F1171BF2AAB6014005F1178 /* Products */ = {
			isa = PBXGroup;
			children = (
				0F1171BE2AAB6014005F1178 /* SwiftUISample.app */,
				0F1171CE2AAB6017005F1178 /* SwiftUISampleTests.xctest */,
				0F1171D82AAB6017005F1178 /* SwiftUISampleUITests.xctest */,
			);
			name = Products;
			sourceTree = "<group>";
		};
		0F1171C02AAB6014005F1178 /* SwiftUISample */ = {
			isa = PBXGroup;
			children = (
				0F1171C12AAB6014005F1178 /* SwiftUISampleApp.swift */,
				0F1171C32AAB6014005F1178 /* ContentView.swift */,
				0F1171C52AAB6017005F1178 /* Assets.xcassets */,
				0F1171C72AAB6017005F1178 /* Preview Content */,
			);
			path = SwiftUISample;
			sourceTree = "<group>";
		};
		0F1171C72AAB6017005F1178 /* Preview Content */ = {
			isa = PBXGroup;
			children = (
				0F1171C82AAB6017005F1178 /* Preview Assets.xcassets */,
			);
			path = "Preview Content";
			sourceTree = "<group>";
		};
		0F1171D12AAB6017005F1178 /* SwiftUISampleTests */ = {
			isa = PBXGroup;
			children = (
				0F1171D22AAB6017005F1178 /* SwiftUISampleTests.swift */,
			);
			path = SwiftUISampleTests;
			sourceTree = "<group>";
		};
		0F1171DB2AAB6017005F1178 /* SwiftUISampleUITests */ = {
			isa = PBXGroup;
			children = (
				0F1171DC2AAB6017005F1178 /* SwiftUISampleUITests.swift */,
				0F1171DE2AAB6017005F1178 /* SwiftUISampleUITestsLaunchTests.swift */,
			);
			path = SwiftUISampleUITests;
			sourceTree = "<group>";
		};
/* End PBXGroup section */

/* Begin PBXNativeTarget section */
		0F1171BD2AAB6014005F1178 /* SwiftUISample */ = {
			isa = PBXNativeTarget;
			buildConfigurationList = 0F1171E22AAB6017005F1178 /* Build configuration list for PBXNativeTarget "SwiftUISample" */;
			buildPhases = (
				0F1171BA2AAB6014005F1178 /* Sources */,
				0F1171BB2AAB6014005F1178 /* Frameworks */,
				0F1171BC2AAB6014005F1178 /* Resources */,
			);
			buildRules = (
			);
			dependencies = (
			);
			name = SwiftUISample;
			productName = SwiftUISample;
			productReference = 0F1171BE2AAB6014005F1178 /* SwiftUISample.app */;
			productType = "com.apple.product-type.application";
		};
		0F1171CD2AAB6017005F1178 /* SwiftUISampleTests */ = {
			isa = PBXNativeTarget;
			buildConfigurationList = 0F1171E52AAB6017005F1178 /* Build configuration list for PBXNativeTarget "SwiftUISampleTests" */;
			buildPhases = (
				0F1171CA2AAB6017005F1178 /* Sources */,
				0F1171CB2AAB6017005F1178 /* Frameworks */,
				0F1171CC2AAB6017005F1178 /* Resources */,
			);
			buildRules = (
			);
			dependencies = (
				0F1171D02AAB6017005F1178 /* PBXTargetDependency */,
			);
			name = SwiftUISampleTests;
			productName = SwiftUISampleTests;
			productReference = 0F1171CE2AAB6017005F1178 /* SwiftUISampleTests.xctest */;
			productType = "com.apple.product-type.bundle.unit-test";
		};
		0F1171D72AAB6017005F1178 /* SwiftUISampleUITests */ = {
			isa = PBXNativeTarget;
			buildConfigurationList = 0F1171E82AAB6017005F1178 /* Build configuration list for PBXNativeTarget "SwiftUISampleUITests" */;
			buildPhases = (
				0F1171D42AAB6017005F1178 /* Sources */,
				0F1171D52AAB6017005F1178 /* Frameworks */,
				0F1171D62AAB6017005F1178 /* Resources */,
			);
			buildRules = (
			);
			dependencies = (
				0F1171DA2AAB6017005F1178 /* PBXTargetDependency */,
			);
			name = SwiftUISampleUITests;
			productName = SwiftUISampleUITests;
			productReference = 0F1171D82AAB6017005F1178 /* SwiftUISampleUITests.xctest */;
			productType = "com.apple.product-type.bundle.ui-testing";
		};
/* End PBXNativeTarget section */

/* Begin PBXProject section */
		0F1171B62AAB6014005F1178 /* Project object */ = {
			isa = PBXProject;
			attributes = {
				BuildIndependentTargetsInParallel = 1;
				LastSwiftUpdateCheck = 1430;
				LastUpgradeCheck = 1430;
				TargetAttributes = {
					0F1171BD2AAB6014005F1178 = {
						CreatedOnToolsVersion = 14.3.1;
					};
					0F1171CD2AAB6017005F1178 = {
						CreatedOnToolsVersion = 14.3.1;
						TestTargetID = 0F1171BD2AAB6014005F1178;
					};
					0F1171D72AAB6017005F1178 = {
						CreatedOnToolsVersion = 14.3.1;
						TestTargetID = 0F1171BD2AAB6014005F1178;
					};
				};
			};
			buildConfigurationList = 0F1171B92AAB6014005F1178 /* Build configuration list for PBXProject "SwiftUISample" */;
			compatibilityVersion = "Xcode 14.0";
			developmentRegion = en;
			hasScannedForEncodings = 0;
			knownRegions = (
				en,
				Base,
			);
			mainGroup = 0F1171B52AAB6014005F1178;
			productRefGroup = 0F1171BF2AAB6014005F1178 /* Products */;
			projectDirPath = "";
			projectRoot = "";
			targets = (
				0F1171BD2AAB6014005F1178 /* SwiftUISample */,
				0F1171CD2AAB6017005F1178 /* SwiftUISampleTests */,
				0F1171D72AAB6017005F1178 /* SwiftUISampleUITests */,
			);
		};
/* End PBXProject section */

/* Begin PBXResourcesBuildPhase section */
		0F1171BC2AAB6014005F1178 /* Resources */ = {
			isa = PBXResourcesBuildPhase;
			buildActionMask = 2147483647;
			files = (
				0F1171C92AAB6017005F1178 /* Preview Assets.xcassets in Resources */,
				0F1171C62AAB6017005F1178 /* Assets.xcassets in Resources */,
			);
			runOnlyForDeploymentPostprocessing = 0;
		};
		0F1171CC2AAB6017005F1178 /* Resources */ = {
			isa = PBXResourcesBuildPhase;
			buildActionMask = 2147483647;
			files = (
			);
			runOnlyForDeploymentPostprocessing = 0;
		};
		0F1171D62AAB6017005F1178 /* Resources */ = {
			isa = PBXResourcesBuildPhase;
			buildActionMask = 2147483647;
			files = (
			);
			runOnlyForDeploymentPostprocessing = 0;
		};
/* End PBXResourcesBuildPhase section */

/* Begin PBXSourcesBuildPhase section */
		0F1171BA2AAB6014005F1178 /* Sources */ = {
			isa = PBXSourcesBuildPhase;
			buildActionMask = 2147483647;
			files = (
				0F1171C42AAB6014005F1178 /* ContentView.swift in Sources */,
				0F1171C22AAB6014005F1178 /* SwiftUISampleApp.swift in Sources */,
			);
			runOnlyForDeploymentPostprocessing = 0;
		};
		0F1171CA2AAB6017005F1178 /* Sources */ = {
			isa = PBXSourcesBuildPhase;
			buildActionMask = 2147483647;
			files = (
				0F1171D32AAB6017005F1178 /* SwiftUISampleTests.swift in Sources */,
			);
			runOnlyForDeploymentPostprocessing = 0;
		};
		0F1171D42AAB6017005F1178 /* Sources */ = {
			isa = PBXSourcesBuildPhase;
			buildActionMask = 2147483647;
			files = (
				0F1171DF2AAB6017005F1178 /* SwiftUISampleUITestsLaunchTests.swift in Sources */,
				0F1171DD2AAB6017005F1178 /* SwiftUISampleUITests.swift in Sources */,
			);
			runOnlyForDeploymentPostprocessing = 0;
		};
/* End PBXSourcesBuildPhase section */

/* Begin PBXTargetDependency section */
		0F1171D02AAB6017005F1178 /* PBXTargetDependency */ = {
			isa = PBXTargetDependency;
			target = 0F1171BD2AAB6014005F1178 /* SwiftUISample */;
			targetProxy = 0F1171CF2AAB6017005F1178 /* PBXContainerItemProxy */;
		};
		0F1171DA2AAB6017005F1178 /* PBXTargetDependency */ = {
			isa = PBXTargetDependency;
			target = 0F1171BD2AAB6014005F1178 /* SwiftUISample */;
			targetProxy = 0F1171D92AAB6017005F1178 /* PBXContainerItemProxy */;
		};
/* End PBXTargetDependency section */

/* Begin XCBuildConfiguration section */
		0F1171E02AAB6017005F1178 /* Debug */ = {
			isa = XCBuildConfiguration;
			buildSettings = {
				ALWAYS_SEARCH_USER_PATHS = NO;
				CLANG_ANALYZER_NONNULL = YES;
				CLANG_ANALYZER_NUMBER_OBJECT_CONVERSION = YES_AGGRESSIVE;
				CLANG_CXX_LANGUAGE_STANDARD = "gnu++20";
				CLANG_ENABLE_MODULES = YES;
				CLANG_ENABLE_OBJC_ARC = YES;
				CLANG_ENABLE_OBJC_WEAK = YES;
				CLANG_WARN_BLOCK_CAPTURE_AUTORELEASING = YES;
				CLANG_WARN_BOOL_CONVERSION = YES;
				CLANG_WARN_COMMA = YES;
				CLANG_WARN_CONSTANT_CONVERSION = YES;
				CLANG_WARN_DEPRECATED_OBJC_IMPLEMENTATIONS = YES;
				CLANG_WARN_DIRECT_OBJC_ISA_USAGE = YES_ERROR;
				CLANG_WARN_DOCUMENTATION_COMMENTS = YES;
				CLANG_WARN_EMPTY_BODY = YES;
				CLANG_WARN_ENUM_CONVERSION = YES;
				CLANG_WARN_INFINITE_RECURSION = YES;
				CLANG_WARN_INT_CONVERSION = YES;
				CLANG_WARN_NON_LITERAL_NULL_CONVERSION = YES;
				CLANG_WARN_OBJC_IMPLICIT_RETAIN_SELF = YES;
				CLANG_WARN_OBJC_LITERAL_CONVERSION = YES;
				CLANG_WARN_OBJC_ROOT_CLASS = YES_ERROR;
				CLANG_WARN_QUOTED_INCLUDE_IN_FRAMEWORK_HEADER = YES;
				CLANG_WARN_RANGE_LOOP_ANALYSIS = YES;
				CLANG_WARN_STRICT_PROTOTYPES = YES;
				CLANG_WARN_SUSPICIOUS_MOVE = YES;
				CLANG_WARN_UNGUARDED_AVAILABILITY = YES_AGGRESSIVE;
				CLANG_WARN_UNREACHABLE_CODE = YES;
				CLANG_WARN__DUPLICATE_METHOD_MATCH = YES;
				COPY_PHASE_STRIP = NO;
				DEBUG_INFORMATION_FORMAT = dwarf;
				ENABLE_STRICT_OBJC_MSGSEND = YES;
				ENABLE_TESTABILITY = YES;
				GCC_C_LANGUAGE_STANDARD = gnu11;
				GCC_DYNAMIC_NO_PIC = NO;
				GCC_NO_COMMON_BLOCKS = YES;
				GCC_OPTIMIZATION_LEVEL = 0;
				GCC_PREPROCESSOR_DEFINITIONS = (
					"DEBUG=1",
					"$(inherited)",
				);
				GCC_WARN_64_TO_32_BIT_CONVERSION = YES;
				GCC_WARN_ABOUT_RETURN_TYPE = YES_ERROR;
				GCC_WARN_UNDECLARED_SELECTOR = YES;
				GCC_WARN_UNINITIALIZED_AUTOS = YES_AGGRESSIVE;
				GCC_WARN_UNUSED_FUNCTION = YES;
				GCC_WARN_UNUSED_VARIABLE = YES;
				IPHONEOS_DEPLOYMENT_TARGET = 16.4;
				MTL_ENABLE_DEBUG_INFO = INCLUDE_SOURCE;
				MTL_FAST_MATH = YES;
				ONLY_ACTIVE_ARCH = YES;
				SDKROOT = iphoneos;
				SWIFT_ACTIVE_COMPILATION_CONDITIONS = DEBUG;
				SWIFT_OPTIMIZATION_LEVEL = "-Onone";
			};
			name = Debug;
		};
		0F1171E12AAB6017005F1178 /* Release */ = {
			isa = XCBuildConfiguration;
			buildSettings = {
				ALWAYS_SEARCH_USER_PATHS = NO;
				CLANG_ANALYZER_NONNULL = YES;
				CLANG_ANALYZER_NUMBER_OBJECT_CONVERSION = YES_AGGRESSIVE;
				CLANG_CXX_LANGUAGE_STANDARD = "gnu++20";
				CLANG_ENABLE_MODULES = YES;
				CLANG_ENABLE_OBJC_ARC = YES;
				CLANG_ENABLE_OBJC_WEAK = YES;
				CLANG_WARN_BLOCK_CAPTURE_AUTORELEASING = YES;
				CLANG_WARN_BOOL_CONVERSION = YES;
				CLANG_WARN_COMMA = YES;
				CLANG_WARN_CONSTANT_CONVERSION = YES;
				CLANG_WARN_DEPRECATED_OBJC_IMPLEMENTATIONS = YES;
				CLANG_WARN_DIRECT_OBJC_ISA_USAGE = YES_ERROR;
				CLANG_WARN_DOCUMENTATION_COMMENTS = YES;
				CLANG_WARN_EMPTY_BODY = YES;
				CLANG_WARN_ENUM_CONVERSION = YES;
				CLANG_WARN_INFINITE_RECURSION = YES;
				CLANG_WARN_INT_CONVERSION = YES;
				CLANG_WARN_NON_LITERAL_NULL_CONVERSION = YES;
				CLANG_WARN_OBJC_IMPLICIT_RETAIN_SELF = YES;
				CLANG_WARN_OBJC_LITERAL_CONVERSION = YES;
				CLANG_WARN_OBJC_ROOT_CLASS = YES_ERROR;
				CLANG_WARN_QUOTED_INCLUDE_IN_FRAMEWORK_HEADER = YES;
				CLANG_WARN_RANGE_LOOP_ANALYSIS = YES;
				CLANG_WARN_STRICT_PROTOTYPES = YES;
				CLANG_WARN_SUSPICIOUS_MOVE = YES;
				CLANG_WARN_UNGUARDED_AVAILABILITY = YES_AGGRESSIVE;
				CLANG_WARN_UNREACHABLE_CODE = YES;
				CLANG_WARN__DUPLICATE_METHOD_MATCH = YES;
				COPY_PHASE_STRIP = NO;
				DEBUG_INFORMATION_FORMAT = "dwarf-with-dsym";
				ENABLE_NS_ASSERTIONS = NO;
				ENABLE_STRICT_OBJC_MSGSEND = YES;
				GCC_C_LANGUAGE_STANDARD = gnu11;
				GCC_NO_COMMON_BLOCKS = YES;
				GCC_WARN_64_TO_32_BIT_CONVERSION = YES;
				GCC_WARN_ABOUT_RETURN_TYPE = YES_ERROR;
				GCC_WARN_UNDECLARED_SELECTOR = YES;
				GCC_WARN_UNINITIALIZED_AUTOS = YES_AGGRESSIVE;
				GCC_WARN_UNUSED_FUNCTION = YES;
				GCC_WARN_UNUSED_VARIABLE = YES;
				IPHONEOS_DEPLOYMENT_TARGET = 16.4;
				MTL_ENABLE_DEBUG_INFO = NO;
				MTL_FAST_MATH = YES;
				SDKROOT = iphoneos;
				SWIFT_COMPILATION_MODE = wholemodule;
				SWIFT_OPTIMIZATION_LEVEL = "-O";
				VALIDATE_PRODUCT = YES;
			};
			name = Release;
		};
		0F1171E32AAB6017005F1178 /* Debug */ = {
			isa = XCBuildConfiguration;
			buildSettings = {
				ASSETCATALOG_COMPILER_APPICON_NAME = AppIcon;
				ASSETCATALOG_COMPILER_GLOBAL_ACCENT_COLOR_NAME = AccentColor;
				CODE_SIGN_STYLE = Automatic;
				CURRENT_PROJECT_VERSION = 1;
				DEVELOPMENT_ASSET_PATHS = "\"SwiftUISample/Preview Content\"";
				DEVELOPMENT_TEAM = 3G9G4B4KL8;
				ENABLE_PREVIEWS = YES;
				GENERATE_INFOPLIST_FILE = YES;
				INFOPLIST_KEY_UIApplicationSceneManifest_Generation = YES;
				INFOPLIST_KEY_UIApplicationSupportsIndirectInputEvents = YES;
				INFOPLIST_KEY_UILaunchScreen_Generation = YES;
				INFOPLIST_KEY_UISupportedInterfaceOrientations_iPad = "UIInterfaceOrientationPortrait UIInterfaceOrientationPortraitUpsideDown UIInterfaceOrientationLandscapeLeft UIInterfaceOrientationLandscapeRight";
				INFOPLIST_KEY_UISupportedInterfaceOrientations_iPhone = "UIInterfaceOrientationPortrait UIInterfaceOrientationLandscapeLeft UIInterfaceOrientationLandscapeRight";
				LD_RUNPATH_SEARCH_PATHS = (
					"$(inherited)",
					"@executable_path/Frameworks",
				);
				MARKETING_VERSION = 1.0;
				PRODUCT_BUNDLE_IDENTIFIER = BrenoAlves.SwiftUISample;
				PRODUCT_NAME = "$(TARGET_NAME)";
				SWIFT_EMIT_LOC_STRINGS = YES;
				SWIFT_VERSION = 5.0;
				TARGETED_DEVICE_FAMILY = "1,2";
			};
			name = Debug;
		};
		0F1171E42AAB6017005F1178 /* Release */ = {
			isa = XCBuildConfiguration;
			buildSettings = {
				ASSETCATALOG_COMPILER_APPICON_NAME = AppIcon;
				ASSETCATALOG_COMPILER_GLOBAL_ACCENT_COLOR_NAME = AccentColor;
				CODE_SIGN_STYLE = Automatic;
				CURRENT_PROJECT_VERSION = 1;
				DEVELOPMENT_ASSET_PATHS = "\"SwiftUISample/Preview Content\"";
				DEVELOPMENT_TEAM = 3G9G4B4KL8;
				ENABLE_PREVIEWS = YES;
				GENERATE_INFOPLIST_FILE = YES;
				INFOPLIST_KEY_UIApplicationSceneManifest_Generation = YES;
				INFOPLIST_KEY_UIApplicationSupportsIndirectInputEvents = YES;
				INFOPLIST_KEY_UILaunchScreen_Generation = YES;
				INFOPLIST_KEY_UISupportedInterfaceOrientations_iPad = "UIInterfaceOrientationPortrait UIInterfaceOrientationPortraitUpsideDown UIInterfaceOrientationLandscapeLeft UIInterfaceOrientationLandscapeRight";
				INFOPLIST_KEY_UISupportedInterfaceOrientations_iPhone = "UIInterfaceOrientationPortrait UIInterfaceOrientationLandscapeLeft UIInterfaceOrientationLandscapeRight";
				LD_RUNPATH_SEARCH_PATHS = (
					"$(inherited)",
					"@executable_path/Frameworks",
				);
				MARKETING_VERSION = 1.0;
				PRODUCT_BUNDLE_IDENTIFIER = BrenoAlves.SwiftUISample;
				PRODUCT_NAME = "$(TARGET_NAME)";
				SWIFT_EMIT_LOC_STRINGS = YES;
				SWIFT_VERSION = 5.0;
				TARGETED_DEVICE_FAMILY = "1,2";
			};
			name = Release;
		};
		0F1171E62AAB6017005F1178 /* Debug */ = {
			isa = XCBuildConfiguration;
			buildSettings = {
				ALWAYS_EMBED_SWIFT_STANDARD_LIBRARIES = YES;
				BUNDLE_LOADER = "$(TEST_HOST)";
				CODE_SIGN_STYLE = Automatic;
				CURRENT_PROJECT_VERSION = 1;
				DEVELOPMENT_TEAM = 3G9G4B4KL8;
				GENERATE_INFOPLIST_FILE = YES;
				IPHONEOS_DEPLOYMENT_TARGET = 16.4;
				MARKETING_VERSION = 1.0;
				PRODUCT_BUNDLE_IDENTIFIER = BrenoAlves.SwiftUISampleTests;
				PRODUCT_NAME = "$(TARGET_NAME)";
				SWIFT_EMIT_LOC_STRINGS = NO;
				SWIFT_VERSION = 5.0;
				TARGETED_DEVICE_FAMILY = "1,2";
				TEST_HOST = "$(BUILT_PRODUCTS_DIR)/SwiftUISample.app/$(BUNDLE_EXECUTABLE_FOLDER_PATH)/SwiftUISample";
			};
			name = Debug;
		};
		0F1171E72AAB6017005F1178 /* Release */ = {
			isa = XCBuildConfiguration;
			buildSettings = {
				ALWAYS_EMBED_SWIFT_STANDARD_LIBRARIES = YES;
				BUNDLE_LOADER = "$(TEST_HOST)";
				CODE_SIGN_STYLE = Automatic;
				CURRENT_PROJECT_VERSION = 1;
				DEVELOPMENT_TEAM = 3G9G4B4KL8;
				GENERATE_INFOPLIST_FILE = YES;
				IPHONEOS_DEPLOYMENT_TARGET = 16.4;
				MARKETING_VERSION = 1.0;
				PRODUCT_BUNDLE_IDENTIFIER = BrenoAlves.SwiftUISampleTests;
				PRODUCT_NAME = "$(TARGET_NAME)";
				SWIFT_EMIT_LOC_STRINGS = NO;
				SWIFT_VERSION = 5.0;
				TARGETED_DEVICE_FAMILY = "1,2";
				TEST_HOST = "$(BUILT_PRODUCTS_DIR)/SwiftUISample.app/$(BUNDLE_EXECUTABLE_FOLDER_PATH)/SwiftUISample";
			};
			name = Release;
		};
		0F1171E92AAB6017005F1178 /* Debug */ = {
			isa = XCBuildConfiguration;
			buildSettings = {
				ALWAYS_EMBED_SWIFT_STANDARD_LIBRARIES = YES;
				CODE_SIGN_STYLE = Automatic;
				CURRENT_PROJECT_VERSION = 1;
				DEVELOPMENT_TEAM = 3G9G4B4KL8;
				GENERATE_INFOPLIST_FILE = YES;
				MARKETING_VERSION = 1.0;
				PRODUCT_BUNDLE_IDENTIFIER = BrenoAlves.SwiftUISampleUITests;
				PRODUCT_NAME = "$(TARGET_NAME)";
				SWIFT_EMIT_LOC_STRINGS = NO;
				SWIFT_VERSION = 5.0;
				TARGETED_DEVICE_FAMILY = "1,2";
				TEST_TARGET_NAME = SwiftUISample;
			};
			name = Debug;
		};
		0F1171EA2AAB6017005F1178 /* Release */ = {
			isa = XCBuildConfiguration;
			buildSettings = {
				ALWAYS_EMBED_SWIFT_STANDARD_LIBRARIES = YES;
				CODE_SIGN_STYLE = Automatic;
				CURRENT_PROJECT_VERSION = 1;
				DEVELOPMENT_TEAM = 3G9G4B4KL8;
				GENERATE_INFOPLIST_FILE = YES;
				MARKETING_VERSION = 1.0;
				PRODUCT_BUNDLE_IDENTIFIER = BrenoAlves.SwiftUISampleUITests;
				PRODUCT_NAME = "$(TARGET_NAME)";
				SWIFT_EMIT_LOC_STRINGS = NO;
				SWIFT_VERSION = 5.0;
				TARGETED_DEVICE_FAMILY = "1,2";
				TEST_TARGET_NAME = SwiftUISample;
			};
			name = Release;
		};
/* End XCBuildConfiguration section */

/* Begin XCConfigurationList section */
		0F1171B92AAB6014005F1178 /* Build configuration list for PBXProject "SwiftUISample" */ = {
			isa = XCConfigurationList;
			buildConfigurations = (
				0F1171E02AAB6017005F1178 /* Debug */,
				0F1171E12AAB6017005F1178 /* Release */,
			);
			defaultConfigurationIsVisible = 0;
			defaultConfigurationName = Release;
		};
		0F1171E22AAB6017005F1178 /* Build configuration list for PBXNativeTarget "SwiftUISample" */ = {
			isa = XCConfigurationList;
			buildConfigurations = (
				0F1171E32AAB6017005F1178 /* Debug */,
				0F1171E42AAB6017005F1178 /* Release */,
			);
			defaultConfigurationIsVisible = 0;
			defaultConfigurationName = Release;
		};
		0F1171E52AAB6017005F1178 /* Build configuration list for PBXNativeTarget "SwiftUISampleTests" */ = {
			isa = XCConfigurationList;
			buildConfigurations = (
				0F1171E62AAB6017005F1178 /* Debug */,
				0F1171E72AAB6017005F1178 /* Release */,
			);
			defaultConfigurationIsVisible = 0;
			defaultConfigurationName = Release;
		};
		0F1171E82AAB6017005F1178 /* Build configuration list for PBXNativeTarget "SwiftUISampleUITests" */ = {
			isa = XCConfigurationList;
			buildConfigurations = (
				0F1171E92AAB6017005F1178 /* Debug */,
				0F1171EA2AAB6017005F1178 /* Release */,
			);
			defaultConfigurationIsVisible = 0;
			defaultConfigurationName = Release;
		};
/* End XCConfigurationList section */
	};
	rootObject = 0F1171B62AAB6014005F1178 /* Project object */;
}
